
Microsoft Visual Studio Solution File, Format Version 12.00
# Visual Studio 2012
Project("{FAE04EC0-301F-11D3-BF4B-00C04F79EFBC}") = "FitnessDaw", "FitnessDaw\FitnessDaw.csproj", "{839F76BF-9F59-47E2-93EE-772FF5B208A9}"
EndProject
Global
	GlobalSection(SolutionConfigurationPlatforms) = preSolution
		Debug|Any CPU = Debug|Any CPU
		Release|Any CPU = Release|Any CPU
	EndGlobalSection
	GlobalSection(ProjectConfigurationPlatforms) = postSolution
		{839F76BF-9F59-47E2-93EE-772FF5B208A9}.Debug|Any CPU.ActiveCfg = Debug|Any CPU
		{839F76BF-9F59-47E2-93EE-772FF5B208A9}.Debug|Any CPU.Build.0 = Debug|Any CPU
		{839F76BF-9F59-47E2-93EE-772FF5B208A9}.Release|Any CPU.ActiveCfg = Release|Any CPU
		{839F76BF-9F59-47E2-93EE-772FF5B208A9}.Release|Any CPU.Build.0 = Release|Any CPU
	EndGlobalSection
	GlobalSection(SolutionProperties) = preSolution
		HideSolutionNode = FALSE
	EndGlobalSection
EndGlobal
